
Microsoft Visual Studio Solution File, Format Version 12.00
# Visual Studio Version 17
VisualStudioVersion = 17.13.35825.156
MinimumVisualStudioVersion = 10.0.40219.1
Project("{FAE04EC0-301F-11D3-BF4B-00C04F79EFBC}") = "SistemaGestorOrdenCliente", "SistemaGestorOrden+Cliente\SistemaGestorOrdenCliente.csproj", "{60925D13-8EF0-4A76-B874-6E333E7172EF}"
EndProject
Global
	GlobalSection(SolutionConfigurationPlatforms) = preSolution
		Debug|Any CPU = Debug|Any CPU
		Release|Any CPU = Release|Any CPU
	EndGlobalSection
	GlobalSection(ProjectConfigurationPlatforms) = postSolution
		{60925D13-8EF0-4A76-B874-6E333E7172EF}.Debug|Any CPU.ActiveCfg = Debug|Any CPU
		{60925D13-8EF0-4A76-B874-6E333E7172EF}.Debug|Any CPU.Build.0 = Debug|Any CPU
		{60925D13-8EF0-4A76-B874-6E333E7172EF}.Release|Any CPU.ActiveCfg = Release|Any CPU
		{60925D13-8EF0-4A76-B874-6E333E7172EF}.Release|Any CPU.Build.0 = Release|Any CPU
	EndGlobalSection
	GlobalSection(SolutionProperties) = preSolution
		HideSolutionNode = FALSE
	EndGlobalSection
	GlobalSection(ExtensibilityGlobals) = postSolution
		SolutionGuid = {BCA14416-562C-4A9E-A67B-C674FB0010AF}
	EndGlobalSection
EndGlobal
